
Microsoft Visual Studio Solution File, Format Version 12.00
# Visual Studio Version 16
VisualStudioVersion = 16.0.31019.35
MinimumVisualStudioVersion = 10.0.40219.1
Project("{FAE04EC0-301F-11D3-BF4B-00C04F79EFBC}") = "NumberGen", "NumberGen\NumberGen.csproj", "{40F12144-2926-4150-9DE2-586728CEF72F}"
EndProject
Global
	GlobalSection(SolutionConfigurationPlatforms) = preSolution
		Debug|Any CPU = Debug|Any CPU
		Release|Any CPU = Release|Any CPU
	EndGlobalSection
	GlobalSection(ProjectConfigurationPlatforms) = postSolution
		{40F12144-2926-4150-9DE2-586728CEF72F}.Debug|Any CPU.ActiveCfg = Debug|Any CPU
		{40F12144-2926-4150-9DE2-586728CEF72F}.Debug|Any CPU.Build.0 = Debug|Any CPU
		{40F12144-2926-4150-9DE2-586728CEF72F}.Release|Any CPU.ActiveCfg = Release|Any CPU
		{40F12144-2926-4150-9DE2-586728CEF72F}.Release|Any CPU.Build.0 = Release|Any CPU
	EndGlobalSection
	GlobalSection(SolutionProperties) = preSolution
		HideSolutionNode = FALSE
	EndGlobalSection
	GlobalSection(ExtensibilityGlobals) = postSolution
		SolutionGuid = {37622B11-9E30-4F55-8118-E5B43352F31D}
	EndGlobalSection
EndGlobal
